Microsoft Visual Studio Solution File, Format Version 12.00
# Visual Studio Version 17
VisualStudioVersion = 17.3.32708.82
MinimumVisualStudioVersion = 10.0.40219.1
Project("{FAE04EC0-301F-11D3-BF4B-00C04F79EFBC}") = "Onboarding.Android", "Onboarding.Android\Onboarding.Android.csproj", "{DBC055C1-EF8B-4B2F-A82B-52AC3CD35640}"
EndProject
Project("{FAE04EC0-301F-11D3-BF4B-00C04F79EFBC}") = "Onboarding.iOS", "Onboarding.iOS\Onboarding.iOS.csproj", "{6C55E3E6-5351-481C-BE6F-2EEAF644B22D}"
EndProject
Project("{9A19103F-16F7-4668-BE54-9A1E7A4F7556}") = "Onboarding", "Onboarding\Onboarding.csproj", "{F1B5924E-62BF-4508-9724-C5E404B7456D}"
EndProject
Global
	GlobalSection(SolutionConfigurationPlatforms) = preSolution
		Debug|Any CPU = Debug|Any CPU
		Debug|iPhone = Debug|iPhone
		Debug|iPhoneSimulator = Debug|iPhoneSimulator
		Release|Any CPU = Release|Any CPU
		Release|iPhone = Release|iPhone
		Release|iPhoneSimulator = Release|iPhoneSimulator
	EndGlobalSection
	GlobalSection(ProjectConfigurationPlatforms) = postSolution
		{DBC055C1-EF8B-4B2F-A82B-52AC3CD35640}.Debug|Any CPU.ActiveCfg = Debug|Any CPU
		{DBC055C1-EF8B-4B2F-A82B-52AC3CD35640}.Debug|Any CPU.Build.0 = Debug|Any CPU
		{DBC055C1-EF8B-4B2F-A82B-52AC3CD35640}.Debug|Any CPU.Deploy.0 = Debug|Any CPU
		{DBC055C1-EF8B-4B2F-A82B-52AC3CD35640}.Debug|iPhone.ActiveCfg = Debug|Any CPU
		{DBC055C1-EF8B-4B2F-A82B-52AC3CD35640}.Debug|iPhone.Build.0 = Debug|Any CPU
		{DBC055C1-EF8B-4B2F-A82B-52AC3CD35640}.Debug|iPhoneSimulator.ActiveCfg = Debug|Any CPU
		{DBC055C1-EF8B-4B2F-A82B-52AC3CD35640}.Debug|iPhoneSimulator.Build.0 = Debug|Any CPU
		{DBC055C1-EF8B-4B2F-A82B-52AC3CD35640}.Release|Any CPU.ActiveCfg = Release|Any CPU
		{DBC055C1-EF8B-4B2F-A82B-52AC3CD35640}.Release|Any CPU.Build.0 = Release|Any CPU
		{DBC055C1-EF8B-4B2F-A82B-52AC3CD35640}.Release|iPhone.ActiveCfg = Release|Any CPU
		{DBC055C1-EF8B-4B2F-A82B-52AC3CD35640}.Release|iPhone.Build.0 = Release|Any CPU
		{DBC055C1-EF8B-4B2F-A82B-52AC3CD35640}.Release|iPhoneSimulator.ActiveCfg = Release|Any CPU
		{DBC055C1-EF8B-4B2F-A82B-52AC3CD35640}.Release|iPhoneSimulator.Build.0 = Release|Any CPU
		{6C55E3E6-5351-481C-BE6F-2EEAF644B22D}.Debug|Any CPU.ActiveCfg = Debug|iPhoneSimulator
		{6C55E3E6-5351-481C-BE6F-2EEAF644B22D}.Debug|Any CPU.Build.0 = Debug|iPhoneSimulator
		{6C55E3E6-5351-481C-BE6F-2EEAF644B22D}.Debug|iPhone.ActiveCfg = Debug|iPhone
		{6C55E3E6-5351-481C-BE6F-2EEAF644B22D}.Debug|iPhone.Build.0 = Debug|iPhone
		{6C55E3E6-5351-481C-BE6F-2EEAF644B22D}.Debug|iPhoneSimulator.ActiveCfg = Debug|iPhoneSimulator
		{6C55E3E6-5351-481C-BE6F-2EEAF644B22D}.Debug|iPhoneSimulator.Build.0 = Debug|iPhoneSimulator
		{6C55E3E6-5351-481C-BE6F-2EEAF644B22D}.Release|Any CPU.ActiveCfg = Release|iPhoneSimulator
		{6C55E3E6-5351-481C-BE6F-2EEAF644B22D}.Release|Any CPU.Build.0 = Release|iPhoneSimulator
		{6C55E3E6-5351-481C-BE6F-2EEAF644B22D}.Release|iPhone.ActiveCfg = Release|iPhone
		{6C55E3E6-5351-481C-BE6F-2EEAF644B22D}.Release|iPhone.Build.0 = Release|iPhone
		{6C55E3E6-5351-481C-BE6F-2EEAF644B22D}.Release|iPhoneSimulator.ActiveCfg = Release|iPhoneSimulator
		{6C55E3E6-5351-481C-BE6F-2EEAF644B22D}.Release|iPhoneSimulator.Build.0 = Release|iPhoneSimulator
		{F1B5924E-62BF-4508-9724-C5E404B7456D}.Debug|Any CPU.ActiveCfg = Debug|Any CPU
		{F1B5924E-62BF-4508-9724-C5E404B7456D}.Debug|Any CPU.Build.0 = Debug|Any CPU
		{F1B5924E-62BF-4508-9724-C5E404B7456D}.Debug|iPhone.ActiveCfg = Debug|Any CPU
		{F1B5924E-62BF-4508-9724-C5E404B7456D}.Debug|iPhone.Build.0 = Debug|Any CPU
		{F1B5924E-62BF-4508-9724-C5E404B7456D}.Debug|iPhoneSimulator.ActiveCfg = Debug|Any CPU
		{F1B5924E-62BF-4508-9724-C5E404B7456D}.Debug|iPhoneSimulator.Build.0 = Debug|Any CPU
		{F1B5924E-62BF-4508-9724-C5E404B7456D}.Release|Any CPU.ActiveCfg = Release|Any CPU
		{F1B5924E-62BF-4508-9724-C5E404B7456D}.Release|Any CPU.Build.0 = Release|Any CPU
		{F1B5924E-62BF-4508-9724-C5E404B7456D}.Release|iPhone.ActiveCfg = Release|Any CPU
		{F1B5924E-62BF-4508-9724-C5E404B7456D}.Release|iPhone.Build.0 = Release|Any CPU
		{F1B5924E-62BF-4508-9724-C5E404B7456D}.Release|iPhoneSimulator.ActiveCfg = Release|Any CPU
		{F1B5924E-62BF-4508-9724-C5E404B7456D}.Release|iPhoneSimulator.Build.0 = Release|Any CPU
	EndGlobalSection
	GlobalSection(SolutionProperties) = preSolution
		HideSolutionNode = FALSE
	EndGlobalSection
	GlobalSection(ExtensibilityGlobals) = postSolution
		SolutionGuid = {52395245-2DB4-44C8-BE39-2D7AA1F36022}
	EndGlobalSection
EndGlobal
